
Microsoft Visual Studio Solution File, Format Version 12.00
# Visual Studio Version 17
VisualStudioVersion = 17.5.33627.172
MinimumVisualStudioVersion = 10.0.40219.1
Project("{9A19103F-16F7-4668-BE54-9A1E7A4F7556}") = "HRLeaveManagement.Domain", "HRLeaveManagement.Domain\HRLeaveManagement.Domain.csproj", "{3F3231A5-B4F7-4E8A-9897-BA3BD9477646}"
EndProject
Project("{2150E333-8FDC-42A3-9474-1A3956D46DE8}") = "Core", "Core", "{3EFB62BE-2DA8-471F-A497-0074F09812C6}"
EndProject
Project("{2150E333-8FDC-42A3-9474-1A3956D46DE8}") = "API", "API", "{BAC00229-2B25-42A8-91E3-03B7A954FF59}"
EndProject
Project("{2150E333-8FDC-42A3-9474-1A3956D46DE8}") = "UI", "UI", "{B6999DC6-677B-4B4F-81FA-2F3C5B6A6CB3}"
EndProject
Project("{2150E333-8FDC-42A3-9474-1A3956D46DE8}") = "Infrastructure", "Infrastructure", "{B92F58AE-DBE0-4535-B251-C6D5E37E9203}"
EndProject
Project("{2150E333-8FDC-42A3-9474-1A3956D46DE8}") = "test", "test", "{4DB8CBF8-71C0-4630-B980-AD319A148BB5}"
EndProject
Project("{2150E333-8FDC-42A3-9474-1A3956D46DE8}") = "src", "src", "{4CDA5B2E-B2E0-44EE-81AF-7BC08FE118B9}"
EndProject
Project("{9A19103F-16F7-4668-BE54-9A1E7A4F7556}") = "HRLeaveManagement.Application", "HRLeaveManagement.Application\HRLeaveManagement.Application.csproj", "{25313BB8-4257-4E12-B27A-840576CD0443}"
EndProject
Project("{9A19103F-16F7-4668-BE54-9A1E7A4F7556}") = "HRLeaveManagement.Persistence", "HRLeaveManagement.Persistence\HRLeaveManagement.Persistence.csproj", "{14B20756-BE21-474B-99AB-A933681487FA}"
EndProject
Project("{9A19103F-16F7-4668-BE54-9A1E7A4F7556}") = "HRLeaveManagement.Infrastructure", "HRLeaveManagement.Infrastructure\HRLeaveManagement.Infrastructure.csproj", "{CC778685-32FC-4542-964C-F6B81A7AD89E}"
EndProject
Project("{9A19103F-16F7-4668-BE54-9A1E7A4F7556}") = "HRLeaveManagement.Api", "HRLeaveManagement.Api\HRLeaveManagement.Api.csproj", "{8629E3F4-9E83-4D87-B1C8-1C194726E135}"
EndProject
Project("{FAE04EC0-301F-11D3-BF4B-00C04F79EFBC}") = "HRLeaveManagement.Application.UnitTests", "HRLeaveManagement.Application.UnitTests\HRLeaveManagement.Application.UnitTests.csproj", "{D51DE6F3-0DE2-4AA0-89C4-3C6F456BD203}"
EndProject
Project("{FAE04EC0-301F-11D3-BF4B-00C04F79EFBC}") = "HR.LeaveManagement.Persistence.IntegrationTests", "HR.LeaveManagement.Persistence.IntegrationTests\HR.LeaveManagement.Persistence.IntegrationTests.csproj", "{781C1E85-80E2-42D8-97D3-D4D7DF6A5942}"
EndProject
Project("{FAE04EC0-301F-11D3-BF4B-00C04F79EFBC}") = "HRLeaveManagement.BlazorUI", "HRLeaveManagement.BlazorUI\HRLeaveManagement.BlazorUI.csproj", "{864105BD-1265-4DA4-AB1A-775AEB10C221}"
EndProject
Project("{FAE04EC0-301F-11D3-BF4B-00C04F79EFBC}") = "HRLeaveManagement.Identity", "HRLeaveManagement.Identity\HRLeaveManagement.Identity.csproj", "{35BFF194-EC71-4D38-9B0A-8D61AE3320E6}"
EndProject
Global
	GlobalSection(SolutionConfigurationPlatforms) = preSolution
		Debug|Any CPU = Debug|Any CPU
		Release|Any CPU = Release|Any CPU
	EndGlobalSection
	GlobalSection(ProjectConfigurationPlatforms) = postSolution
		{3F3231A5-B4F7-4E8A-9897-BA3BD9477646}.Debug|Any CPU.ActiveCfg = Debug|Any CPU
		{3F3231A5-B4F7-4E8A-9897-BA3BD9477646}.Debug|Any CPU.Build.0 = Debug|Any CPU
		{3F3231A5-B4F7-4E8A-9897-BA3BD9477646}.Release|Any CPU.ActiveCfg = Release|Any CPU
		{3F3231A5-B4F7-4E8A-9897-BA3BD9477646}.Release|Any CPU.Build.0 = Release|Any CPU
		{25313BB8-4257-4E12-B27A-840576CD0443}.Debug|Any CPU.ActiveCfg = Debug|Any CPU
		{25313BB8-4257-4E12-B27A-840576CD0443}.Debug|Any CPU.Build.0 = Debug|Any CPU
		{25313BB8-4257-4E12-B27A-840576CD0443}.Release|Any CPU.ActiveCfg = Release|Any CPU
		{25313BB8-4257-4E12-B27A-840576CD0443}.Release|Any CPU.Build.0 = Release|Any CPU
		{14B20756-BE21-474B-99AB-A933681487FA}.Debug|Any CPU.ActiveCfg = Debug|Any CPU
		{14B20756-BE21-474B-99AB-A933681487FA}.Debug|Any CPU.Build.0 = Debug|Any CPU
		{14B20756-BE21-474B-99AB-A933681487FA}.Release|Any CPU.ActiveCfg = Release|Any CPU
		{14B20756-BE21-474B-99AB-A933681487FA}.Release|Any CPU.Build.0 = Release|Any CPU
		{CC778685-32FC-4542-964C-F6B81A7AD89E}.Debug|Any CPU.ActiveCfg = Debug|Any CPU
		{CC778685-32FC-4542-964C-F6B81A7AD89E}.Debug|Any CPU.Build.0 = Debug|Any CPU
		{CC778685-32FC-4542-964C-F6B81A7AD89E}.Release|Any CPU.ActiveCfg = Release|Any CPU
		{CC778685-32FC-4542-964C-F6B81A7AD89E}.Release|Any CPU.Build.0 = Release|Any CPU
		{8629E3F4-9E83-4D87-B1C8-1C194726E135}.Debug|Any CPU.ActiveCfg = Debug|Any CPU
		{8629E3F4-9E83-4D87-B1C8-1C194726E135}.Debug|Any CPU.Build.0 = Debug|Any CPU
		{8629E3F4-9E83-4D87-B1C8-1C194726E135}.Release|Any CPU.ActiveCfg = Release|Any CPU
		{8629E3F4-9E83-4D87-B1C8-1C194726E135}.Release|Any CPU.Build.0 = Release|Any CPU
		{D51DE6F3-0DE2-4AA0-89C4-3C6F456BD203}.Debug|Any CPU.ActiveCfg = Debug|Any CPU
		{D51DE6F3-0DE2-4AA0-89C4-3C6F456BD203}.Debug|Any CPU.Build.0 = Debug|Any CPU
		{D51DE6F3-0DE2-4AA0-89C4-3C6F456BD203}.Release|Any CPU.ActiveCfg = Release|Any CPU
		{D51DE6F3-0DE2-4AA0-89C4-3C6F456BD203}.Release|Any CPU.Build.0 = Release|Any CPU
		{781C1E85-80E2-42D8-97D3-D4D7DF6A5942}.Debug|Any CPU.ActiveCfg = Debug|Any CPU
		{781C1E85-80E2-42D8-97D3-D4D7DF6A5942}.Debug|Any CPU.Build.0 = Debug|Any CPU
		{781C1E85-80E2-42D8-97D3-D4D7DF6A5942}.Release|Any CPU.ActiveCfg = Release|Any CPU
		{781C1E85-80E2-42D8-97D3-D4D7DF6A5942}.Release|Any CPU.Build.0 = Release|Any CPU
		{864105BD-1265-4DA4-AB1A-775AEB10C221}.Debug|Any CPU.ActiveCfg = Debug|Any CPU
		{864105BD-1265-4DA4-AB1A-775AEB10C221}.Debug|Any CPU.Build.0 = Debug|Any CPU
		{864105BD-1265-4DA4-AB1A-775AEB10C221}.Release|Any CPU.ActiveCfg = Release|Any CPU
		{864105BD-1265-4DA4-AB1A-775AEB10C221}.Release|Any CPU.Build.0 = Release|Any CPU
		{35BFF194-EC71-4D38-9B0A-8D61AE3320E6}.Debug|Any CPU.ActiveCfg = Debug|Any CPU
		{35BFF194-EC71-4D38-9B0A-8D61AE3320E6}.Debug|Any CPU.Build.0 = Debug|Any CPU
		{35BFF194-EC71-4D38-9B0A-8D61AE3320E6}.Release|Any CPU.ActiveCfg = Release|Any CPU
		{35BFF194-EC71-4D38-9B0A-8D61AE3320E6}.Release|Any CPU.Build.0 = Release|Any CPU
	EndGlobalSection
	GlobalSection(SolutionProperties) = preSolution
		HideSolutionNode = FALSE
	EndGlobalSection
	GlobalSection(NestedProjects) = preSolution
		{3F3231A5-B4F7-4E8A-9897-BA3BD9477646} = {3EFB62BE-2DA8-471F-A497-0074F09812C6}
		{3EFB62BE-2DA8-471F-A497-0074F09812C6} = {4CDA5B2E-B2E0-44EE-81AF-7BC08FE118B9}
		{BAC00229-2B25-42A8-91E3-03B7A954FF59} = {4CDA5B2E-B2E0-44EE-81AF-7BC08FE118B9}
		{B6999DC6-677B-4B4F-81FA-2F3C5B6A6CB3} = {4CDA5B2E-B2E0-44EE-81AF-7BC08FE118B9}
		{B92F58AE-DBE0-4535-B251-C6D5E37E9203} = {4CDA5B2E-B2E0-44EE-81AF-7BC08FE118B9}
		{25313BB8-4257-4E12-B27A-840576CD0443} = {3EFB62BE-2DA8-471F-A497-0074F09812C6}
		{14B20756-BE21-474B-99AB-A933681487FA} = {B92F58AE-DBE0-4535-B251-C6D5E37E9203}
		{CC778685-32FC-4542-964C-F6B81A7AD89E} = {B92F58AE-DBE0-4535-B251-C6D5E37E9203}
		{8629E3F4-9E83-4D87-B1C8-1C194726E135} = {BAC00229-2B25-42A8-91E3-03B7A954FF59}
		{D51DE6F3-0DE2-4AA0-89C4-3C6F456BD203} = {4DB8CBF8-71C0-4630-B980-AD319A148BB5}
		{781C1E85-80E2-42D8-97D3-D4D7DF6A5942} = {4DB8CBF8-71C0-4630-B980-AD319A148BB5}
		{864105BD-1265-4DA4-AB1A-775AEB10C221} = {B6999DC6-677B-4B4F-81FA-2F3C5B6A6CB3}
		{35BFF194-EC71-4D38-9B0A-8D61AE3320E6} = {B92F58AE-DBE0-4535-B251-C6D5E37E9203}
	EndGlobalSection
	GlobalSection(ExtensibilityGlobals) = postSolution
		SolutionGuid = {E5D3D565-8828-4D3E-AB28-2CBFE912D42F}
	EndGlobalSection
EndGlobal
